
Microsoft Visual Studio Solution File, Format Version 12.00
# Visual Studio Version 16
VisualStudioVersion = 16.0.32510.428
MinimumVisualStudioVersion = 10.0.40219.1
Project("{FAE04EC0-301F-11D3-BF4B-00C04F79EFBC}") = "kiemtrakytu", "kiemtrakytu\kiemtrakytu.csproj", "{F25FDF4F-F18A-49C6-8CCF-DEF2E6EED495}"
EndProject
Global
	GlobalSection(SolutionConfigurationPlatforms) = preSolution
		Debug|Any CPU = Debug|Any CPU
		Release|Any CPU = Release|Any CPU
	EndGlobalSection
	GlobalSection(ProjectConfigurationPlatforms) = postSolution
		{F25FDF4F-F18A-49C6-8CCF-DEF2E6EED495}.Debug|Any CPU.ActiveCfg = Debug|Any CPU
		{F25FDF4F-F18A-49C6-8CCF-DEF2E6EED495}.Debug|Any CPU.Build.0 = Debug|Any CPU
		{F25FDF4F-F18A-49C6-8CCF-DEF2E6EED495}.Release|Any CPU.ActiveCfg = Release|Any CPU
		{F25FDF4F-F18A-49C6-8CCF-DEF2E6EED495}.Release|Any CPU.Build.0 = Release|Any CPU
	EndGlobalSection
	GlobalSection(SolutionProperties) = preSolution
		HideSolutionNode = FALSE
	EndGlobalSection
	GlobalSection(ExtensibilityGlobals) = postSolution
		SolutionGuid = {781045E3-BA45-4B26-B958-78F05C6514B3}
	EndGlobalSection
EndGlobal
